{
  "name": "runtime",
  "lockfileVersion": 3,
  "requires": true,
  "packages": {
    "": {
      "dependencies": {
        "node": "^22.17.1"
      }
    },
    "node_modules/node": {
      "version": "22.17.1",
      "resolved": "https://registry.npmjs.org/node/-/node-22.17.1.tgz",
      "integrity": "sha512-9IyNibEkFObLbs+skPHKKJzInPJawwsasLbtgQ2hNdNiVhfw6RqP3/gF8D6Ws9Sq8tZLxhDZ5usujJJcxeH6wg==",
      "hasInstallScript": true,
      "license": "ISC",
      "dependencies": {
        "node-bin-setup": "^1.0.0"
      },
      "bin": {
        "node": "bin/node"
      },
      "engines": {
        "npm": ">=5.0.0"
      }
    },
    "node_modules/node-bin-setup": {
      "version": "1.1.4",
      "resolved": "https://registry.npmjs.org/node-bin-setup/-/node-bin-setup-1.1.4.tgz",
      "integrity": "sha512-vWNHOne0ZUavArqPP5LJta50+S8R261Fr5SvGul37HbEDcowvLjwdvd0ZeSr0r2lTSrPxl6okq9QUw8BFGiAxA==",
      "license": "ISC"
    }
  }
}
